// !$*UTF8*$!
{
	archiveVersion = 1;
	classes = {
	};
	objectVersion = 46;
	objects = {

/* Begin PBXBuildFile section */
		210FAA931C25AE8D0091255A /* DecodingOperators.swift in Sources */ = {isa = PBXBuildFile; fileRef = 210FAA911C25A4690091255A /* DecodingOperators.swift */; };
		210FAA941C25AE8E0091255A /* DecodingOperators.swift in Sources */ = {isa = PBXBuildFile; fileRef = 210FAA911C25A4690091255A /* DecodingOperators.swift */; };
		210FAA961C25B5540091255A /* DecodingPrimitives.swift in Sources */ = {isa = PBXBuildFile; fileRef = 210FAA951C25B5540091255A /* DecodingPrimitives.swift */; };
		2180852F1C22032A0085DA90 /* JSONError.swift in Sources */ = {isa = PBXBuildFile; fileRef = 2180852E1C22032A0085DA90 /* JSONError.swift */; };
		218085331C220ED00085DA90 /* KeyPath.swift in Sources */ = {isa = PBXBuildFile; fileRef = 218085321C220ED00085DA90 /* KeyPath.swift */; };
		218085351C22120A0085DA90 /* Decodable.swift in Sources */ = {isa = PBXBuildFile; fileRef = 218085341C22120A0085DA90 /* Decodable.swift */; };
		218085371C2213010085DA90 /* StandardTypes.swift in Sources */ = {isa = PBXBuildFile; fileRef = 218085361C2213010085DA90 /* StandardTypes.swift */; };
		2188DCDB1C20D5C8003242F2 /* LazyJSON.framework in Frameworks */ = {isa = PBXBuildFile; fileRef = 2188DCD01C20D5C7003242F2 /* LazyJSON.framework */; };
		2188DCE01C20D5C8003242F2 /* LazyJSONTests.swift in Sources */ = {isa = PBXBuildFile; fileRef = 2188DCDF1C20D5C8003242F2 /* LazyJSONTests.swift */; };
		21BFA9271C2385D600901217 /* JSON.swift in Sources */ = {isa = PBXBuildFile; fileRef = 2188DCEA1C20D5EF003242F2 /* JSON.swift */; };
		21BFA9281C2385EB00901217 /* Decoding.swift in Sources */ = {isa = PBXBuildFile; fileRef = 21BFA9251C237CB200901217 /* Decoding.swift */; };
		21BFA9291C23886400901217 /* FunctionalStyle.swift in Sources */ = {isa = PBXBuildFile; fileRef = 21BFA9231C237BDD00901217 /* FunctionalStyle.swift */; };
		21BFA92B1C23908900901217 /* TestModel.swift in Sources */ = {isa = PBXBuildFile; fileRef = 21BFA92A1C23908800901217 /* TestModel.swift */; };
		21BFA92D1C24738500901217 /* big_data.json in Resources */ = {isa = PBXBuildFile; fileRef = 21BFA92C1C24738500901217 /* big_data.json */; };
		21BFA9441C24A81300901217 /* LazyJSON.framework in Frameworks */ = {isa = PBXBuildFile; fileRef = 21BFA9331C24A7F700901217 /* LazyJSON.framework */; };
		21BFA9571C24A8CC00901217 /* LazyJSON.h in Headers */ = {isa = PBXBuildFile; fileRef = 21BFA9551C24A8CC00901217 /* LazyJSON.h */; settings = {ATTRIBUTES = (Public, ); }; };
		21BFA95C1C24A8E000901217 /* LazyJSON.h in Headers */ = {isa = PBXBuildFile; fileRef = 21BFA95A1C24A8DF00901217 /* LazyJSON.h */; settings = {ATTRIBUTES = (Public, ); }; };
		21BFA95D1C24AAC400901217 /* Decodable.swift in Sources */ = {isa = PBXBuildFile; fileRef = 218085341C22120A0085DA90 /* Decodable.swift */; };
		21BFA95E1C24AAC400901217 /* Decoding.swift in Sources */ = {isa = PBXBuildFile; fileRef = 21BFA9251C237CB200901217 /* Decoding.swift */; };
		21BFA95F1C24AAC400901217 /* StandardTypes.swift in Sources */ = {isa = PBXBuildFile; fileRef = 218085361C2213010085DA90 /* StandardTypes.swift */; };
		21BFA9601C24AAC400901217 /* JSON.swift in Sources */ = {isa = PBXBuildFile; fileRef = 2188DCEA1C20D5EF003242F2 /* JSON.swift */; };
		21BFA9611C24AAC400901217 /* KeyPath.swift in Sources */ = {isa = PBXBuildFile; fileRef = 218085321C220ED00085DA90 /* KeyPath.swift */; };
		21BFA9621C24AAC400901217 /* JSONError.swift in Sources */ = {isa = PBXBuildFile; fileRef = 2180852E1C22032A0085DA90 /* JSONError.swift */; };
		21BFA9631C24AAC400901217 /* FunctionalStyle.swift in Sources */ = {isa = PBXBuildFile; fileRef = 21BFA9231C237BDD00901217 /* FunctionalStyle.swift */; };
		21BFA9661C24AAE100901217 /* Info.plist in Resources */ = {isa = PBXBuildFile; fileRef = 21BFA9651C24AAE100901217 /* Info.plist */; };
		21BFA9671C24AB0F00901217 /* LazyJSONTests.swift in Sources */ = {isa = PBXBuildFile; fileRef = 2188DCDF1C20D5C8003242F2 /* LazyJSONTests.swift */; };
		21BFA9681C24AB0F00901217 /* TestModel.swift in Sources */ = {isa = PBXBuildFile; fileRef = 21BFA92A1C23908800901217 /* TestModel.swift */; };
		21BFA9691C24AB0F00901217 /* big_data.json in Resources */ = {isa = PBXBuildFile; fileRef = 21BFA92C1C24738500901217 /* big_data.json */; };
		21BFA9881C24BA0B00901217 /* AppDelegate.swift in Sources */ = {isa = PBXBuildFile; fileRef = 21BFA9871C24BA0B00901217 /* AppDelegate.swift */; };
		21BFA98A1C24BA0B00901217 /* ViewController.swift in Sources */ = {isa = PBXBuildFile; fileRef = 21BFA9891C24BA0B00901217 /* ViewController.swift */; };
		21BFA98D1C24BA0B00901217 /* Main.storyboard in Resources */ = {isa = PBXBuildFile; fileRef = 21BFA98B1C24BA0B00901217 /* Main.storyboard */; };
		21BFA98F1C24BA0B00901217 /* Assets.xcassets in Resources */ = {isa = PBXBuildFile; fileRef = 21BFA98E1C24BA0B00901217 /* Assets.xcassets */; };
		21BFA9921C24BA0B00901217 /* LaunchScreen.storyboard in Resources */ = {isa = PBXBuildFile; fileRef = 21BFA9901C24BA0B00901217 /* LaunchScreen.storyboard */; };
		21BFA99E1C24BA2400901217 /* AppDelegate.swift in Sources */ = {isa = PBXBuildFile; fileRef = 21BFA99D1C24BA2400901217 /* AppDelegate.swift */; };
		21BFA9A01C24BA2400901217 /* ViewController.swift in Sources */ = {isa = PBXBuildFile; fileRef = 21BFA99F1C24BA2400901217 /* ViewController.swift */; };
		21BFA9A21C24BA2400901217 /* Assets.xcassets in Resources */ = {isa = PBXBuildFile; fileRef = 21BFA9A11C24BA2400901217 /* Assets.xcassets */; };
		21BFA9A51C24BA2400901217 /* Main.storyboard in Resources */ = {isa = PBXBuildFile; fileRef = 21BFA9A31C24BA2400901217 /* Main.storyboard */; };
		21BFA9AB1C24BA5A00901217 /* test.json in Resources */ = {isa = PBXBuildFile; fileRef = 21BFA9AA1C24BA5A00901217 /* test.json */; };
		21BFA9AD1C24BB7700901217 /* Person.swift in Sources */ = {isa = PBXBuildFile; fileRef = 21BFA9AC1C24BB7700901217 /* Person.swift */; };
		21BFA9AE1C24BC1C00901217 /* LazyJSON.framework in Frameworks */ = {isa = PBXBuildFile; fileRef = 21BFA9331C24A7F700901217 /* LazyJSON.framework */; };
		21BFA9AF1C24BC1C00901217 /* LazyJSON.framework in Embed Frameworks */ = {isa = PBXBuildFile; fileRef = 21BFA9331C24A7F700901217 /* LazyJSON.framework */; settings = {ATTRIBUTES = (CodeSignOnCopy, RemoveHeadersOnCopy, ); }; };
/* End PBXBuildFile section */

/* Begin PBXContainerItemProxy section */
		2188DCDC1C20D5C8003242F2 /* PBXContainerItemProxy */ = {
			isa = PBXContainerItemProxy;
			containerPortal = 2188DCC71C20D5C7003242F2 /* Project object */;
			proxyType = 1;
			remoteGlobalIDString = 2188DCCF1C20D5C7003242F2;
			remoteInfo = LazyJSON;
		};
		21BFA9451C24A81300901217 /* PBXContainerItemProxy */ = {
			isa = PBXContainerItemProxy;
			containerPortal = 2188DCC71C20D5C7003242F2 /* Project object */;
			proxyType = 1;
			remoteGlobalIDString = 21BFA9321C24A7F700901217;
			remoteInfo = "LazyJSON-iOS";
		};
		21BFA9B01C24BC1C00901217 /* PBXContainerItemProxy */ = {
			isa = PBXContainerItemProxy;
			containerPortal = 2188DCC71C20D5C7003242F2 /* Project object */;
			proxyType = 1;
			remoteGlobalIDString = 21BFA9321C24A7F700901217;
			remoteInfo = "LazyJSON-iOS";
		};
/* End PBXContainerItemProxy section */

/* Begin PBXCopyFilesBuildPhase section */
		21BFA9B21C24BC1D00901217 /* Embed Frameworks */ = {
			isa = PBXCopyFilesBuildPhase;
			buildActionMask = 2147483647;
			dstPath = "";
			dstSubfolderSpec = 10;
			files = (
				21BFA9AF1C24BC1C00901217 /* LazyJSON.framework in Embed Frameworks */,
			);
			name = "Embed Frameworks";
			runOnlyForDeploymentPostprocessing = 0;
		};
/* End PBXCopyFilesBuildPhase section */

/* Begin PBXFileReference section */
		210FAA911C25A4690091255A /* DecodingOperators.swift */ = {isa = PBXFileReference; fileEncoding = 4; lastKnownFileType = sourcecode.swift; path = DecodingOperators.swift; sourceTree = "<group>"; };
		210FAA951C25B5540091255A /* DecodingPrimitives.swift */ = {isa = PBXFileReference; fileEncoding = 4; lastKnownFileType = sourcecode.swift; path = DecodingPrimitives.swift; sourceTree = "<group>"; };
		2180852E1C22032A0085DA90 /* JSONError.swift */ = {isa = PBXFileReference; fileEncoding = 4; lastKnownFileType = sourcecode.swift; path = JSONError.swift; sourceTree = "<group>"; };
		218085321C220ED00085DA90 /* KeyPath.swift */ = {isa = PBXFileReference; fileEncoding = 4; lastKnownFileType = sourcecode.swift; path = KeyPath.swift; sourceTree = "<group>"; };
		218085341C22120A0085DA90 /* Decodable.swift */ = {isa = PBXFileReference; fileEncoding = 4; lastKnownFileType = sourcecode.swift; path = Decodable.swift; sourceTree = "<group>"; };
		218085361C2213010085DA90 /* StandardTypes.swift */ = {isa = PBXFileReference; fileEncoding = 4; lastKnownFileType = sourcecode.swift; path = StandardTypes.swift; sourceTree = "<group>"; };
		2188DCD01C20D5C7003242F2 /* LazyJSON.framework */ = {isa = PBXFileReference; explicitFileType = wrapper.framework; includeInIndex = 0; path = LazyJSON.framework; sourceTree = BUILT_PRODUCTS_DIR; };
		2188DCDA1C20D5C8003242F2 /* LazyJSONTests-Mac.xctest */ = {isa = PBXFileReference; explicitFileType = wrapper.cfbundle; includeInIndex = 0; path = "LazyJSONTests-Mac.xctest"; sourceTree = BUILT_PRODUCTS_DIR; };
		2188DCDF1C20D5C8003242F2 /* LazyJSONTests.swift */ = {isa = PBXFileReference; lastKnownFileType = sourcecode.swift; path = LazyJSONTests.swift; sourceTree = "<group>"; };
		2188DCEA1C20D5EF003242F2 /* JSON.swift */ = {isa = PBXFileReference; fileEncoding = 4; lastKnownFileType = sourcecode.swift; path = JSON.swift; sourceTree = "<group>"; };
		21BFA9231C237BDD00901217 /* FunctionalStyle.swift */ = {isa = PBXFileReference; fileEncoding = 4; lastKnownFileType = sourcecode.swift; path = FunctionalStyle.swift; sourceTree = "<group>"; };
		21BFA9251C237CB200901217 /* Decoding.swift */ = {isa = PBXFileReference; fileEncoding = 4; lastKnownFileType = sourcecode.swift; path = Decoding.swift; sourceTree = "<group>"; };
		21BFA92A1C23908800901217 /* TestModel.swift */ = {isa = PBXFileReference; fileEncoding = 4; lastKnownFileType = sourcecode.swift; path = TestModel.swift; sourceTree = "<group>"; };
		21BFA92C1C24738500901217 /* big_data.json */ = {isa = PBXFileReference; fileEncoding = 4; lastKnownFileType = text.json; path = big_data.json; sourceTree = "<group>"; };
		21BFA9331C24A7F700901217 /* LazyJSON.framework */ = {isa = PBXFileReference; explicitFileType = wrapper.framework; includeInIndex = 0; path = LazyJSON.framework; sourceTree = BUILT_PRODUCTS_DIR; };
		21BFA93F1C24A81300901217 /* LazyJSONTests-iOS.xctest */ = {isa = PBXFileReference; explicitFileType = wrapper.cfbundle; includeInIndex = 0; path = "LazyJSONTests-iOS.xctest"; sourceTree = BUILT_PRODUCTS_DIR; };
		21BFA9541C24A8CC00901217 /* Info.plist */ = {isa = PBXFileReference; fileEncoding = 4; lastKnownFileType = text.plist.xml; path = Info.plist; sourceTree = "<group>"; };
		21BFA9551C24A8CC00901217 /* LazyJSON.h */ = {isa = PBXFileReference; fileEncoding = 4; lastKnownFileType = sourcecode.c.h; path = LazyJSON.h; sourceTree = "<group>"; };
		21BFA9591C24A8DF00901217 /* Info.plist */ = {isa = PBXFileReference; fileEncoding = 4; lastKnownFileType = text.plist.xml; path = Info.plist; sourceTree = "<group>"; };
		21BFA95A1C24A8DF00901217 /* LazyJSON.h */ = {isa = PBXFileReference; fileEncoding = 4; lastKnownFileType = sourcecode.c.h; path = LazyJSON.h; sourceTree = "<group>"; };
		21BFA9651C24AAE100901217 /* Info.plist */ = {isa = PBXFileReference; fileEncoding = 4; lastKnownFileType = text.plist.xml; path = Info.plist; sourceTree = "<group>"; };
		21BFA96E1C24ABF200901217 /* Info.plist */ = {isa = PBXFileReference; fileEncoding = 4; lastKnownFileType = text.plist.xml; path = Info.plist; sourceTree = "<group>"; };
		21BFA9851C24BA0A00901217 /* Profiler-iOS.app */ = {isa = PBXFileReference; explicitFileType = wrapper.application; includeInIndex = 0; path = "Profiler-iOS.app"; sourceTree = BUILT_PRODUCTS_DIR; };
		21BFA9871C24BA0B00901217 /* AppDelegate.swift */ = {isa = PBXFileReference; lastKnownFileType = sourcecode.swift; path = AppDelegate.swift; sourceTree = "<group>"; };
		21BFA9891C24BA0B00901217 /* ViewController.swift */ = {isa = PBXFileReference; lastKnownFileType = sourcecode.swift; path = ViewController.swift; sourceTree = "<group>"; };
		21BFA98C1C24BA0B00901217 /* Base */ = {isa = PBXFileReference; lastKnownFileType = file.storyboard; name = Base; path = Base.lproj/Main.storyboard; sourceTree = "<group>"; };
		21BFA98E1C24BA0B00901217 /* Assets.xcassets */ = {isa = PBXFileReference; lastKnownFileType = folder.assetcatalog; path = Assets.xcassets; sourceTree = "<group>"; };
		21BFA9911C24BA0B00901217 /* Base */ = {isa = PBXFileReference; lastKnownFileType = file.storyboard; name = Base; path = Base.lproj/LaunchScreen.storyboard; sourceTree = "<group>"; };
		21BFA9931C24BA0B00901217 /* Info.plist */ = {isa = PBXFileReference; lastKnownFileType = text.plist.xml; path = Info.plist; sourceTree = "<group>"; };
		21BFA99B1C24BA2300901217 /* Profiler-Mac.app */ = {isa = PBXFileReference; explicitFileType = wrapper.application; includeInIndex = 0; path = "Profiler-Mac.app"; sourceTree = BUILT_PRODUCTS_DIR; };
		21BFA99D1C24BA2400901217 /* AppDelegate.swift */ = {isa = PBXFileReference; lastKnownFileType = sourcecode.swift; path = AppDelegate.swift; sourceTree = "<group>"; };
		21BFA99F1C24BA2400901217 /* ViewController.swift */ = {isa = PBXFileReference; lastKnownFileType = sourcecode.swift; path = ViewController.swift; sourceTree = "<group>"; };
		21BFA9A11C24BA2400901217 /* Assets.xcassets */ = {isa = PBXFileReference; lastKnownFileType = folder.assetcatalog; path = Assets.xcassets; sourceTree = "<group>"; };
		21BFA9A41C24BA2400901217 /* Base */ = {isa = PBXFileReference; lastKnownFileType = file.storyboard; name = Base; path = Base.lproj/Main.storyboard; sourceTree = "<group>"; };
		21BFA9A61C24BA2400901217 /* Info.plist */ = {isa = PBXFileReference; lastKnownFileType = text.plist.xml; path = Info.plist; sourceTree = "<group>"; };
		21BFA9AA1C24BA5A00901217 /* test.json */ = {isa = PBXFileReference; fileEncoding = 4; lastKnownFileType = text.json; path = test.json; sourceTree = "<group>"; };
		21BFA9AC1C24BB7700901217 /* Person.swift */ = {isa = PBXFileReference; fileEncoding = 4; lastKnownFileType = sourcecode.swift; path = Person.swift; sourceTree = "<group>"; };
/* End PBXFileReference section */

/* Begin PBXFrameworksBuildPhase section */
		2188DCCC1C20D5C7003242F2 /* Frameworks */ = {
			isa = PBXFrameworksBuildPhase;
			buildActionMask = 2147483647;
			files = (
			);
			runOnlyForDeploymentPostprocessing = 0;
		};
		2188DCD71C20D5C8003242F2 /* Frameworks */ = {
			isa = PBXFrameworksBuildPhase;
			buildActionMask = 2147483647;
			files = (
				2188DCDB1C20D5C8003242F2 /* LazyJSON.framework in Frameworks */,
			);
			runOnlyForDeploymentPostprocessing = 0;
		};
		21BFA92F1C24A7F700901217 /* Frameworks */ = {
			isa = PBXFrameworksBuildPhase;
			buildActionMask = 2147483647;
			files = (
			);
			runOnlyForDeploymentPostprocessing = 0;
		};
		21BFA93C1C24A81300901217 /* Frameworks */ = {
			isa = PBXFrameworksBuildPhase;
			buildActionMask = 2147483647;
			files = (
				21BFA9441C24A81300901217 /* LazyJSON.framework in Frameworks */,
			);
			runOnlyForDeploymentPostprocessing = 0;
		};
		21BFA9821C24BA0A00901217 /* Frameworks */ = {
			isa = PBXFrameworksBuildPhase;
			buildActionMask = 2147483647;
			files = (
				21BFA9AE1C24BC1C00901217 /* LazyJSON.framework in Frameworks */,
			);
			runOnlyForDeploymentPostprocessing = 0;
		};
		21BFA9981C24BA2300901217 /* Frameworks */ = {
			isa = PBXFrameworksBuildPhase;
			buildActionMask = 2147483647;
			files = (
			);
			runOnlyForDeploymentPostprocessing = 0;
		};
/* End PBXFrameworksBuildPhase section */

/* Begin PBXGroup section */
		2188DCC61C20D5C7003242F2 = {
			isa = PBXGroup;
			children = (
				2188DCD21C20D5C7003242F2 /* LazyJSON */,
				2188DCDE1C20D5C8003242F2 /* LazyJSONTests */,
				21BFA99C1C24BA2400901217 /* Profiler-Mac */,
				21BFA9861C24BA0B00901217 /* Profiler-iOS */,
				2188DCD11C20D5C7003242F2 /* Products */,
			);
			sourceTree = "<group>";
		};
		2188DCD11C20D5C7003242F2 /* Products */ = {
			isa = PBXGroup;
			children = (
				2188DCD01C20D5C7003242F2 /* LazyJSON.framework */,
				2188DCDA1C20D5C8003242F2 /* LazyJSONTests-Mac.xctest */,
				21BFA9331C24A7F700901217 /* LazyJSON.framework */,
				21BFA93F1C24A81300901217 /* LazyJSONTests-iOS.xctest */,
				21BFA9851C24BA0A00901217 /* Profiler-iOS.app */,
				21BFA99B1C24BA2300901217 /* Profiler-Mac.app */,
			);
			name = Products;
			sourceTree = "<group>";
		};
		2188DCD21C20D5C7003242F2 /* LazyJSON */ = {
			isa = PBXGroup;
			children = (
				218085341C22120A0085DA90 /* Decodable.swift */,
				21BFA9251C237CB200901217 /* Decoding.swift */,
				210FAA951C25B5540091255A /* DecodingPrimitives.swift */,
				210FAA911C25A4690091255A /* DecodingOperators.swift */,
				218085361C2213010085DA90 /* StandardTypes.swift */,
				2188DCEA1C20D5EF003242F2 /* JSON.swift */,
				218085321C220ED00085DA90 /* KeyPath.swift */,
				2180852E1C22032A0085DA90 /* JSONError.swift */,
				21BFA9231C237BDD00901217 /* FunctionalStyle.swift */,
				21BFA9581C24A8DF00901217 /* iOS */,
				21BFA9531C24A8CC00901217 /* Mac */,
			);
			path = LazyJSON;
			sourceTree = "<group>";
		};
		2188DCDE1C20D5C8003242F2 /* LazyJSONTests */ = {
			isa = PBXGroup;
			children = (
				2188DCDF1C20D5C8003242F2 /* LazyJSONTests.swift */,
				21BFA92A1C23908800901217 /* TestModel.swift */,
				21BFA92C1C24738500901217 /* big_data.json */,
				21BFA9641C24AAE100901217 /* iOS */,
				21BFA96D1C24ABF200901217 /* Mac */,
			);
			path = LazyJSONTests;
			sourceTree = "<group>";
		};
		21BFA9531C24A8CC00901217 /* Mac */ = {
			isa = PBXGroup;
			children = (
				21BFA9541C24A8CC00901217 /* Info.plist */,
				21BFA9551C24A8CC00901217 /* LazyJSON.h */,
			);
			path = Mac;
			sourceTree = "<group>";
		};
		21BFA9581C24A8DF00901217 /* iOS */ = {
			isa = PBXGroup;
			children = (
				21BFA9591C24A8DF00901217 /* Info.plist */,
				21BFA95A1C24A8DF00901217 /* LazyJSON.h */,
			);
			path = iOS;
			sourceTree = "<group>";
		};
		21BFA9641C24AAE100901217 /* iOS */ = {
			isa = PBXGroup;
			children = (
				21BFA9651C24AAE100901217 /* Info.plist */,
			);
			path = iOS;
			sourceTree = "<group>";
		};
		21BFA96D1C24ABF200901217 /* Mac */ = {
			isa = PBXGroup;
			children = (
				21BFA96E1C24ABF200901217 /* Info.plist */,
			);
			path = Mac;
			sourceTree = "<group>";
		};
		21BFA9861C24BA0B00901217 /* Profiler-iOS */ = {
			isa = PBXGroup;
			children = (
				21BFA9871C24BA0B00901217 /* AppDelegate.swift */,
				21BFA9891C24BA0B00901217 /* ViewController.swift */,
				21BFA9AC1C24BB7700901217 /* Person.swift */,
				21BFA98B1C24BA0B00901217 /* Main.storyboard */,
				21BFA98E1C24BA0B00901217 /* Assets.xcassets */,
				21BFA9901C24BA0B00901217 /* LaunchScreen.storyboard */,
				21BFA9931C24BA0B00901217 /* Info.plist */,
				21BFA9AA1C24BA5A00901217 /* test.json */,
			);
			path = "Profiler-iOS";
			sourceTree = "<group>";
		};
		21BFA99C1C24BA2400901217 /* Profiler-Mac */ = {
			isa = PBXGroup;
			children = (
				21BFA99D1C24BA2400901217 /* AppDelegate.swift */,
				21BFA99F1C24BA2400901217 /* ViewController.swift */,
				21BFA9A11C24BA2400901217 /* Assets.xcassets */,
				21BFA9A31C24BA2400901217 /* Main.storyboard */,
				21BFA9A61C24BA2400901217 /* Info.plist */,
			);
			path = "Profiler-Mac";
			sourceTree = "<group>";
		};
/* End PBXGroup section */

/* Begin PBXHeadersBuildPhase section */
		2188DCCD1C20D5C7003242F2 /* Headers */ = {
			isa = PBXHeadersBuildPhase;
			buildActionMask = 2147483647;
			files = (
				21BFA9571C24A8CC00901217 /* LazyJSON.h in Headers */,
			);
			runOnlyForDeploymentPostprocessing = 0;
		};
		21BFA9301C24A7F700901217 /* Headers */ = {
			isa = PBXHeadersBuildPhase;
			buildActionMask = 2147483647;
			files = (
				21BFA95C1C24A8E000901217 /* LazyJSON.h in Headers */,
			);
			runOnlyForDeploymentPostprocessing = 0;
		};
/* End PBXHeadersBuildPhase section */

/* Begin PBXNativeTarget section */
		2188DCCF1C20D5C7003242F2 /* LazyJSON-Mac */ = {
			isa = PBXNativeTarget;
			buildConfigurationList = 2188DCE41C20D5C8003242F2 /* Build configuration list for PBXNativeTarget "LazyJSON-Mac" */;
			buildPhases = (
				2188DCCB1C20D5C7003242F2 /* Sources */,
				2188DCCC1C20D5C7003242F2 /* Frameworks */,
				2188DCCD1C20D5C7003242F2 /* Headers */,
				2188DCCE1C20D5C7003242F2 /* Resources */,
			);
			buildRules = (
			);
			dependencies = (
			);
			name = "LazyJSON-Mac";
			productName = LazyJSON;
			productReference = 2188DCD01C20D5C7003242F2 /* LazyJSON.framework */;
			productType = "com.apple.product-type.framework";
		};
		2188DCD91C20D5C8003242F2 /* LazyJSONTests-Mac */ = {
			isa = PBXNativeTarget;
			buildConfigurationList = 2188DCE71C20D5C8003242F2 /* Build configuration list for PBXNativeTarget "LazyJSONTests-Mac" */;
			buildPhases = (
				2188DCD61C20D5C8003242F2 /* Sources */,
				2188DCD71C20D5C8003242F2 /* Frameworks */,
				2188DCD81C20D5C8003242F2 /* Resources */,
			);
			buildRules = (
			);
			dependencies = (
				2188DCDD1C20D5C8003242F2 /* PBXTargetDependency */,
			);
			name = "LazyJSONTests-Mac";
			productName = LazyJSONTests;
			productReference = 2188DCDA1C20D5C8003242F2 /* LazyJSONTests-Mac.xctest */;
			productType = "com.apple.product-type.bundle.unit-test";
		};
		21BFA9321C24A7F700901217 /* LazyJSON-iOS */ = {
			isa = PBXNativeTarget;
			buildConfigurationList = 21BFA9381C24A7F700901217 /* Build configuration list for PBXNativeTarget "LazyJSON-iOS" */;
			buildPhases = (
				21BFA92E1C24A7F700901217 /* Sources */,
				21BFA92F1C24A7F700901217 /* Frameworks */,
				21BFA9301C24A7F700901217 /* Headers */,
				21BFA9311C24A7F700901217 /* Resources */,
			);
			buildRules = (
			);
			dependencies = (
			);
			name = "LazyJSON-iOS";
			productName = "LazyJSON-iOS";
			productReference = 21BFA9331C24A7F700901217 /* LazyJSON.framework */;
			productType = "com.apple.product-type.framework";
		};
		21BFA93E1C24A81300901217 /* LazyJSONTests-iOS */ = {
			isa = PBXNativeTarget;
			buildConfigurationList = 21BFA9471C24A81300901217 /* Build configuration list for PBXNativeTarget "LazyJSONTests-iOS" */;
			buildPhases = (
				21BFA93B1C24A81300901217 /* Sources */,
				21BFA93C1C24A81300901217 /* Frameworks */,
				21BFA93D1C24A81300901217 /* Resources */,
			);
			buildRules = (
			);
			dependencies = (
				21BFA9461C24A81300901217 /* PBXTargetDependency */,
			);
			name = "LazyJSONTests-iOS";
			productName = "LazyJSONTests-iOS";
			productReference = 21BFA93F1C24A81300901217 /* LazyJSONTests-iOS.xctest */;
			productType = "com.apple.product-type.bundle.unit-test";
		};
		21BFA9841C24BA0A00901217 /* Profiler-iOS */ = {
			isa = PBXNativeTarget;
			buildConfigurationList = 21BFA9941C24BA0B00901217 /* Build configuration list for PBXNativeTarget "Profiler-iOS" */;
			buildPhases = (
				21BFA9811C24BA0A00901217 /* Sources */,
				21BFA9821C24BA0A00901217 /* Frameworks */,
				21BFA9831C24BA0A00901217 /* Resources */,
				21BFA9B21C24BC1D00901217 /* Embed Frameworks */,
			);
			buildRules = (
			);
			dependencies = (
				21BFA9B11C24BC1C00901217 /* PBXTargetDependency */,
			);
			name = "Profiler-iOS";
			productName = "Profiler-iOS";
			productReference = 21BFA9851C24BA0A00901217 /* Profiler-iOS.app */;
			productType = "com.apple.product-type.application";
		};
		21BFA99A1C24BA2300901217 /* Profiler-Mac */ = {
			isa = PBXNativeTarget;
			buildConfigurationList = 21BFA9A71C24BA2400901217 /* Build configuration list for PBXNativeTarget "Profiler-Mac" */;
			buildPhases = (
				21BFA9971C24BA2300901217 /* Sources */,
				21BFA9981C24BA2300901217 /* Frameworks */,
				21BFA9991C24BA2300901217 /* Resources */,
			);
			buildRules = (
			);
			dependencies = (
			);
			name = "Profiler-Mac";
			productName = "Profiler-Mac";
			productReference = 21BFA99B1C24BA2300901217 /* Profiler-Mac.app */;
			productType = "com.apple.product-type.application";
		};
/* End PBXNativeTarget section */

/* Begin PBXProject section */
		2188DCC71C20D5C7003242F2 /* Project object */ = {
			isa = PBXProject;
			attributes = {
				LastSwiftUpdateCheck = 0720;
				LastUpgradeCheck = 0720;
				ORGANIZATIONNAME = jds;
				TargetAttributes = {
					2188DCCF1C20D5C7003242F2 = {
						CreatedOnToolsVersion = 7.2;
					};
					2188DCD91C20D5C8003242F2 = {
						CreatedOnToolsVersion = 7.2;
					};
					21BFA9321C24A7F700901217 = {
						CreatedOnToolsVersion = 7.2;
						DevelopmentTeam = 3J7C56C6SY;
					};
					21BFA93E1C24A81300901217 = {
						CreatedOnToolsVersion = 7.2;
						DevelopmentTeam = 3J7C56C6SY;
					};
					21BFA9841C24BA0A00901217 = {
						CreatedOnToolsVersion = 7.2;
						DevelopmentTeam = 3J7C56C6SY;
					};
					21BFA99A1C24BA2300901217 = {
						CreatedOnToolsVersion = 7.2;
					};
				};
			};
			buildConfigurationList = 2188DCCA1C20D5C7003242F2 /* Build configuration list for PBXProject "LazyJSON" */;
			compatibilityVersion = "Xcode 3.2";
			developmentRegion = English;
			hasScannedForEncodings = 0;
			knownRegions = (
				en,
				Base,
			);
			mainGroup = 2188DCC61C20D5C7003242F2;
			productRefGroup = 2188DCD11C20D5C7003242F2 /* Products */;
			projectDirPath = "";
			projectRoot = "";
			targets = (
				2188DCCF1C20D5C7003242F2 /* LazyJSON-Mac */,
				2188DCD91C20D5C8003242F2 /* LazyJSONTests-Mac */,
				21BFA9321C24A7F700901217 /* LazyJSON-iOS */,
				21BFA93E1C24A81300901217 /* LazyJSONTests-iOS */,
				21BFA99A1C24BA2300901217 /* Profiler-Mac */,
				21BFA9841C24BA0A00901217 /* Profiler-iOS */,
			);
		};
/* End PBXProject section */

/* Begin PBXResourcesBuildPhase section */
		2188DCCE1C20D5C7003242F2 /* Resources */ = {
			isa = PBXResourcesBuildPhase;
			buildActionMask = 2147483647;
			files = (
			);
			runOnlyForDeploymentPostprocessing = 0;
		};
		2188DCD81C20D5C8003242F2 /* Resources */ = {
			isa = PBXResourcesBuildPhase;
			buildActionMask = 2147483647;
			files = (
				21BFA92D1C24738500901217 /* big_data.json in Resources */,
			);
			runOnlyForDeploymentPostprocessing = 0;
		};
		21BFA9311C24A7F700901217 /* Resources */ = {
			isa = PBXResourcesBuildPhase;
			buildActionMask = 2147483647;
			files = (
				21BFA9661C24AAE100901217 /* Info.plist in Resources */,
			);
			runOnlyForDeploymentPostprocessing = 0;
		};
		21BFA93D1C24A81300901217 /* Resources */ = {
			isa = PBXResourcesBuildPhase;
			buildActionMask = 2147483647;
			files = (
				21BFA9691C24AB0F00901217 /* big_data.json in Resources */,
			);
			runOnlyForDeploymentPostprocessing = 0;
		};
		21BFA9831C24BA0A00901217 /* Resources */ = {
			isa = PBXResourcesBuildPhase;
			buildActionMask = 2147483647;
			files = (
				21BFA9921C24BA0B00901217 /* LaunchScreen.storyboard in Resources */,
				21BFA9AB1C24BA5A00901217 /* test.json in Resources */,
				21BFA98F1C24BA0B00901217 /* Assets.xcassets in Resources */,
				21BFA98D1C24BA0B00901217 /* Main.storyboard in Resources */,
			);
			runOnlyForDeploymentPostprocessing = 0;
		};
		21BFA9991C24BA2300901217 /* Resources */ = {
			isa = PBXResourcesBuildPhase;
			buildActionMask = 2147483647;
			files = (
				21BFA9A21C24BA2400901217 /* Assets.xcassets in Resources */,
				21BFA9A51C24BA2400901217 /* Main.storyboard in Resources */,
			);
			runOnlyForDeploymentPostprocessing = 0;
		};
/* End PBXResourcesBuildPhase section */

/* Begin PBXSourcesBuildPhase section */
		2188DCCB1C20D5C7003242F2 /* Sources */ = {
			isa = PBXSourcesBuildPhase;
			buildActionMask = 2147483647;
			files = (
				218085331C220ED00085DA90 /* KeyPath.swift in Sources */,
				21BFA9271C2385D600901217 /* JSON.swift in Sources */,
				218085351C22120A0085DA90 /* Decodable.swift in Sources */,
				2180852F1C22032A0085DA90 /* JSONError.swift in Sources */,
				21BFA9291C23886400901217 /* FunctionalStyle.swift in Sources */,
				21BFA9281C2385EB00901217 /* Decoding.swift in Sources */,
				210FAA931C25AE8D0091255A /* DecodingOperators.swift in Sources */,
				210FAA961C25B5540091255A /* DecodingPrimitives.swift in Sources */,
				218085371C2213010085DA90 /* StandardTypes.swift in Sources */,
			);
			runOnlyForDeploymentPostprocessing = 0;
		};
		2188DCD61C20D5C8003242F2 /* Sources */ = {
			isa = PBXSourcesBuildPhase;
			buildActionMask = 2147483647;
			files = (
				2188DCE01C20D5C8003242F2 /* LazyJSONTests.swift in Sources */,
				21BFA92B1C23908900901217 /* TestModel.swift in Sources */,
			);
			runOnlyForDeploymentPostprocessing = 0;
		};
		21BFA92E1C24A7F700901217 /* Sources */ = {
			isa = PBXSourcesBuildPhase;
			buildActionMask = 2147483647;
			files = (
				21BFA9621C24AAC400901217 /* JSONError.swift in Sources */,
				21BFA95E1C24AAC400901217 /* Decoding.swift in Sources */,
				21BFA9611C24AAC400901217 /* KeyPath.swift in Sources */,
				21BFA95F1C24AAC400901217 /* StandardTypes.swift in Sources */,
				21BFA95D1C24AAC400901217 /* Decodable.swift in Sources */,
				21BFA9631C24AAC400901217 /* FunctionalStyle.swift in Sources */,
				210FAA941C25AE8E0091255A /* DecodingOperators.swift in Sources */,
				21BFA9601C24AAC400901217 /* JSON.swift in Sources */,
			);
			runOnlyForDeploymentPostprocessing = 0;
		};
		21BFA93B1C24A81300901217 /* Sources */ = {
			isa = PBXSourcesBuildPhase;
			buildActionMask = 2147483647;
			files = (
				21BFA9671C24AB0F00901217 /* LazyJSONTests.swift in Sources */,
				21BFA9681C24AB0F00901217 /* TestModel.swift in Sources */,
			);
			runOnlyForDeploymentPostprocessing = 0;
		};
		21BFA9811C24BA0A00901217 /* Sources */ = {
			isa = PBXSourcesBuildPhase;
			buildActionMask = 2147483647;
			files = (
				21BFA9AD1C24BB7700901217 /* Person.swift in Sources */,
				21BFA98A1C24BA0B00901217 /* ViewController.swift in Sources */,
				21BFA9881C24BA0B00901217 /* AppDelegate.swift in Sources */,
			);
			runOnlyForDeploymentPostprocessing = 0;
		};
		21BFA9971C24BA2300901217 /* Sources */ = {
			isa = PBXSourcesBuildPhase;
			buildActionMask = 2147483647;
			files = (
				21BFA9A01C24BA2400901217 /* ViewController.swift in Sources */,
				21BFA99E1C24BA2400901217 /* AppDelegate.swift in Sources */,
			);
			runOnlyForDeploymentPostprocessing = 0;
		};
/* End PBXSourcesBuildPhase section */

/* Begin PBXTargetDependency section */
		2188DCDD1C20D5C8003242F2 /* PBXTargetDependency */ = {
			isa = PBXTargetDependency;
			target = 2188DCCF1C20D5C7003242F2 /* LazyJSON-Mac */;
			targetProxy = 2188DCDC1C20D5C8003242F2 /* PBXContainerItemProxy */;
		};
		21BFA9461C24A81300901217 /* PBXTargetDependency */ = {
			isa = PBXTargetDependency;
			target = 21BFA9321C24A7F700901217 /* LazyJSON-iOS */;
			targetProxy = 21BFA9451C24A81300901217 /* PBXContainerItemProxy */;
		};
		21BFA9B11C24BC1C00901217 /* PBXTargetDependency */ = {
			isa = PBXTargetDependency;
			target = 21BFA9321C24A7F700901217 /* LazyJSON-iOS */;
			targetProxy = 21BFA9B01C24BC1C00901217 /* PBXContainerItemProxy */;
		};
/* End PBXTargetDependency section */

/* Begin PBXVariantGroup section */
		21BFA98B1C24BA0B00901217 /* Main.storyboard */ = {
			isa = PBXVariantGroup;
			children = (
				21BFA98C1C24BA0B00901217 /* Base */,
			);
			name = Main.storyboard;
			sourceTree = "<group>";
		};
		21BFA9901C24BA0B00901217 /* LaunchScreen.storyboard */ = {
			isa = PBXVariantGroup;
			children = (
				21BFA9911C24BA0B00901217 /* Base */,
			);
			name = LaunchScreen.storyboard;
			sourceTree = "<group>";
		};
		21BFA9A31C24BA2400901217 /* Main.storyboard */ = {
			isa = PBXVariantGroup;
			children = (
				21BFA9A41C24BA2400901217 /* Base */,
			);
			name = Main.storyboard;
			sourceTree = "<group>";
		};
/* End PBXVariantGroup section */

/* Begin XCBuildConfiguration section */
		2188DCE21C20D5C8003242F2 /* Debug */ = {
			isa = XCBuildConfiguration;
			buildSettings = {
				ALWAYS_SEARCH_USER_PATHS = NO;
				CLANG_CXX_LANGUAGE_STANDARD = "gnu++0x";
				CLANG_CXX_LIBRARY = "libc++";
				CLANG_ENABLE_MODULES = YES;
				CLANG_ENABLE_OBJC_ARC = YES;
				CLANG_WARN_BOOL_CONVERSION = YES;
				CLANG_WARN_CONSTANT_CONVERSION = YES;
				CLANG_WARN_DIRECT_OBJC_ISA_USAGE = YES_ERROR;
				CLANG_WARN_EMPTY_BODY = YES;
				CLANG_WARN_ENUM_CONVERSION = YES;
				CLANG_WARN_INT_CONVERSION = YES;
				CLANG_WARN_OBJC_ROOT_CLASS = YES_ERROR;
				CLANG_WARN_UNREACHABLE_CODE = YES;
				CLANG_WARN__DUPLICATE_METHOD_MATCH = YES;
				CODE_SIGN_IDENTITY = "-";
				COPY_PHASE_STRIP = NO;
				CURRENT_PROJECT_VERSION = 1;
				DEBUG_INFORMATION_FORMAT = dwarf;
				ENABLE_STRICT_OBJC_MSGSEND = YES;
				ENABLE_TESTABILITY = YES;
				GCC_C_LANGUAGE_STANDARD = gnu99;
				GCC_DYNAMIC_NO_PIC = NO;
				GCC_NO_COMMON_BLOCKS = YES;
				GCC_OPTIMIZATION_LEVEL = 0;
				GCC_PREPROCESSOR_DEFINITIONS = (
					"DEBUG=1",
					"$(inherited)",
				);
				GCC_WARN_64_TO_32_BIT_CONVERSION = YES;
				GCC_WARN_ABOUT_RETURN_TYPE = YES_ERROR;
				GCC_WARN_UNDECLARED_SELECTOR = YES;
				GCC_WARN_UNINITIALIZED_AUTOS = YES_AGGRESSIVE;
				GCC_WARN_UNUSED_FUNCTION = YES;
				GCC_WARN_UNUSED_VARIABLE = YES;
				MACOSX_DEPLOYMENT_TARGET = 10.10;
				MTL_ENABLE_DEBUG_INFO = YES;
				ONLY_ACTIVE_ARCH = YES;
				SDKROOT = macosx;
				SWIFT_OPTIMIZATION_LEVEL = "-Onone";
				VERSIONING_SYSTEM = "apple-generic";
				VERSION_INFO_PREFIX = "";
			};
			name = Debug;
		};
		2188DCE31C20D5C8003242F2 /* Release */ = {
			isa = XCBuildConfiguration;
			buildSettings = {
				ALWAYS_SEARCH_USER_PATHS = NO;
				CLANG_CXX_LANGUAGE_STANDARD = "gnu++0x";
				CLANG_CXX_LIBRARY = "libc++";
				CLANG_ENABLE_MODULES = YES;
				CLANG_ENABLE_OBJC_ARC = YES;
				CLANG_WARN_BOOL_CONVERSION = YES;
				CLANG_WARN_CONSTANT_CONVERSION = YES;
				CLANG_WARN_DIRECT_OBJC_ISA_USAGE = YES_ERROR;
				CLANG_WARN_EMPTY_BODY = YES;
				CLANG_WARN_ENUM_CONVERSION = YES;
				CLANG_WARN_INT_CONVERSION = YES;
				CLANG_WARN_OBJC_ROOT_CLASS = YES_ERROR;
				CLANG_WARN_UNREACHABLE_CODE = YES;
				CLANG_WARN__DUPLICATE_METHOD_MATCH = YES;
				CODE_SIGN_IDENTITY = "-";
				COPY_PHASE_STRIP = NO;
				CURRENT_PROJECT_VERSION = 1;
				DEBUG_INFORMATION_FORMAT = "dwarf-with-dsym";
				ENABLE_NS_ASSERTIONS = NO;
				ENABLE_STRICT_OBJC_MSGSEND = YES;
				GCC_C_LANGUAGE_STANDARD = gnu99;
				GCC_NO_COMMON_BLOCKS = YES;
				GCC_WARN_64_TO_32_BIT_CONVERSION = YES;
				GCC_WARN_ABOUT_RETURN_TYPE = YES_ERROR;
				GCC_WARN_UNDECLARED_SELECTOR = YES;
				GCC_WARN_UNINITIALIZED_AUTOS = YES_AGGRESSIVE;
				GCC_WARN_UNUSED_FUNCTION = YES;
				GCC_WARN_UNUSED_VARIABLE = YES;
				MACOSX_DEPLOYMENT_TARGET = 10.10;
				MTL_ENABLE_DEBUG_INFO = NO;
				SDKROOT = macosx;
				VERSIONING_SYSTEM = "apple-generic";
				VERSION_INFO_PREFIX = "";
			};
			name = Release;
		};
		2188DCE51C20D5C8003242F2 /* Debug */ = {
			isa = XCBuildConfiguration;
			buildSettings = {
				APPLICATION_EXTENSION_API_ONLY = NO;
				CLANG_ENABLE_MODULES = YES;
				COMBINE_HIDPI_IMAGES = YES;
				DEFINES_MODULE = YES;
				DYLIB_COMPATIBILITY_VERSION = 1;
				DYLIB_CURRENT_VERSION = 1;
				DYLIB_INSTALL_NAME_BASE = "@rpath";
				FRAMEWORK_VERSION = A;
				INFOPLIST_FILE = "$(SRCROOT)/LazyJSON/Mac/Info.plist";
				INSTALL_PATH = "$(LOCAL_LIBRARY_DIR)/Frameworks";
				LD_RUNPATH_SEARCH_PATHS = "$(inherited) @executable_path/../Frameworks @loader_path/Frameworks";
				PRODUCT_BUNDLE_IDENTIFIER = eu.spaderna.LazyJSON;
				PRODUCT_NAME = LazyJSON;
				SKIP_INSTALL = YES;
				SWIFT_OPTIMIZATION_LEVEL = "-Onone";
			};
			name = Debug;
		};
		2188DCE61C20D5C8003242F2 /* Release */ = {
			isa = XCBuildConfiguration;
			buildSettings = {
				APPLICATION_EXTENSION_API_ONLY = NO;
				CLANG_ENABLE_MODULES = YES;
				COMBINE_HIDPI_IMAGES = YES;
				DEFINES_MODULE = YES;
				DYLIB_COMPATIBILITY_VERSION = 1;
				DYLIB_CURRENT_VERSION = 1;
				DYLIB_INSTALL_NAME_BASE = "@rpath";
				FRAMEWORK_VERSION = A;
				INFOPLIST_FILE = "$(SRCROOT)/LazyJSON/Mac/Info.plist";
				INSTALL_PATH = "$(LOCAL_LIBRARY_DIR)/Frameworks";
				LD_RUNPATH_SEARCH_PATHS = "$(inherited) @executable_path/../Frameworks @loader_path/Frameworks";
				PRODUCT_BUNDLE_IDENTIFIER = eu.spaderna.LazyJSON;
				PRODUCT_NAME = LazyJSON;
				SKIP_INSTALL = YES;
			};
			name = Release;
		};
		2188DCE81C20D5C8003242F2 /* Debug */ = {
			isa = XCBuildConfiguration;
			buildSettings = {
				CLANG_ENABLE_MODULES = YES;
				COMBINE_HIDPI_IMAGES = YES;
				INFOPLIST_FILE = LazyJSONTests/Mac/Info.plist;
				LD_RUNPATH_SEARCH_PATHS = "$(inherited) @executable_path/../Frameworks @loader_path/../Frameworks";
				PRODUCT_BUNDLE_IDENTIFIER = eu.spaderna.LazyJSONTests;
				PRODUCT_NAME = "$(TARGET_NAME)";
				SWIFT_OPTIMIZATION_LEVEL = "-Onone";
			};
			name = Debug;
		};
		2188DCE91C20D5C8003242F2 /* Release */ = {
			isa = XCBuildConfiguration;
			buildSettings = {
				CLANG_ENABLE_MODULES = YES;
				COMBINE_HIDPI_IMAGES = YES;
				INFOPLIST_FILE = LazyJSONTests/Mac/Info.plist;
				LD_RUNPATH_SEARCH_PATHS = "$(inherited) @executable_path/../Frameworks @loader_path/../Frameworks";
				PRODUCT_BUNDLE_IDENTIFIER = eu.spaderna.LazyJSONTests;
				PRODUCT_NAME = "$(TARGET_NAME)";
			};
			name = Release;
		};
		21BFA9391C24A7F700901217 /* Debug */ = {
			isa = XCBuildConfiguration;
			buildSettings = {
				"CODE_SIGN_IDENTITY[sdk=iphoneos*]" = "iPhone Developer";
				DEFINES_MODULE = YES;
				DYLIB_COMPATIBILITY_VERSION = 1;
				DYLIB_CURRENT_VERSION = 1;
				DYLIB_INSTALL_NAME_BASE = "@rpath";
				INFOPLIST_FILE = "$(SRCROOT)/LazyJSON/iOS/Info.plist";
				INSTALL_PATH = "$(LOCAL_LIBRARY_DIR)/Frameworks";
				IPHONEOS_DEPLOYMENT_TARGET = 9.2;
				LD_RUNPATH_SEARCH_PATHS = "$(inherited) @executable_path/Frameworks @loader_path/Frameworks";
				PRODUCT_BUNDLE_IDENTIFIER = "eu.spaderna.LazyJSON-iOS";
				PRODUCT_NAME = LazyJSON;
				SDKROOT = iphoneos;
				SKIP_INSTALL = YES;
				TARGETED_DEVICE_FAMILY = "1,2";
			};
			name = Debug;
		};
		21BFA93A1C24A7F700901217 /* Release */ = {
			isa = XCBuildConfiguration;
			buildSettings = {
				"CODE_SIGN_IDENTITY[sdk=iphoneos*]" = "iPhone Developer";
				DEFINES_MODULE = YES;
				DYLIB_COMPATIBILITY_VERSION = 1;
				DYLIB_CURRENT_VERSION = 1;
				DYLIB_INSTALL_NAME_BASE = "@rpath";
				INFOPLIST_FILE = "$(SRCROOT)/LazyJSON/iOS/Info.plist";
				INSTALL_PATH = "$(LOCAL_LIBRARY_DIR)/Frameworks";
				IPHONEOS_DEPLOYMENT_TARGET = 9.2;
				LD_RUNPATH_SEARCH_PATHS = "$(inherited) @executable_path/Frameworks @loader_path/Frameworks";
				PRODUCT_BUNDLE_IDENTIFIER = "eu.spaderna.LazyJSON-iOS";
				PRODUCT_NAME = LazyJSON;
				SDKROOT = iphoneos;
				SKIP_INSTALL = YES;
				TARGETED_DEVICE_FAMILY = "1,2";
				VALIDATE_PRODUCT = YES;
			};
			name = Release;
		};
		21BFA9481C24A81300901217 /* Debug */ = {
			isa = XCBuildConfiguration;
			buildSettings = {
				"CODE_SIGN_IDENTITY[sdk=iphoneos*]" = "iPhone Developer";
				INFOPLIST_FILE = LazyJSONTests/iOS/Info.plist;
				IPHONEOS_DEPLOYMENT_TARGET = 9.2;
				LD_RUNPATH_SEARCH_PATHS = "$(inherited) @executable_path/Frameworks @loader_path/Frameworks";
				PRODUCT_BUNDLE_IDENTIFIER = "eu.spaderna.LazyJSONTests-iOS";
				PRODUCT_NAME = "$(TARGET_NAME)";
				SDKROOT = iphoneos;
			};
			name = Debug;
		};
		21BFA9491C24A81300901217 /* Release */ = {
			isa = XCBuildConfiguration;
			buildSettings = {
				"CODE_SIGN_IDENTITY[sdk=iphoneos*]" = "iPhone Developer";
				INFOPLIST_FILE = LazyJSONTests/iOS/Info.plist;
				IPHONEOS_DEPLOYMENT_TARGET = 9.2;
				LD_RUNPATH_SEARCH_PATHS = "$(inherited) @executable_path/Frameworks @loader_path/Frameworks";
				PRODUCT_BUNDLE_IDENTIFIER = "eu.spaderna.LazyJSONTests-iOS";
				PRODUCT_NAME = "$(TARGET_NAME)";
				SDKROOT = iphoneos;
				VALIDATE_PRODUCT = YES;
			};
			name = Release;
		};
		21BFA9951C24BA0B00901217 /* Debug */ = {
			isa = XCBuildConfiguration;
			buildSettings = {
				ASSETCATALOG_COMPILER_APPICON_NAME = AppIcon;
				"CODE_SIGN_IDENTITY[sdk=iphoneos*]" = "iPhone Developer";
				EMBEDDED_CONTENT_CONTAINS_SWIFT = YES;
				INFOPLIST_FILE = "Profiler-iOS/Info.plist";
				IPHONEOS_DEPLOYMENT_TARGET = 9.2;
				LD_RUNPATH_SEARCH_PATHS = "$(inherited) @executable_path/Frameworks";
				PRODUCT_BUNDLE_IDENTIFIER = "eu.spaderna.Profiler-iOS";
				PRODUCT_NAME = "$(TARGET_NAME)";
				SDKROOT = iphoneos;
				TARGETED_DEVICE_FAMILY = "1,2";
			};
			name = Debug;
		};
		21BFA9961C24BA0B00901217 /* Release */ = {
			isa = XCBuildConfiguration;
			buildSettings = {
				ASSETCATALOG_COMPILER_APPICON_NAME = AppIcon;
				"CODE_SIGN_IDENTITY[sdk=iphoneos*]" = "iPhone Developer";
				EMBEDDED_CONTENT_CONTAINS_SWIFT = YES;
				INFOPLIST_FILE = "Profiler-iOS/Info.plist";
				IPHONEOS_DEPLOYMENT_TARGET = 9.2;
				LD_RUNPATH_SEARCH_PATHS = "$(inherited) @executable_path/Frameworks";
				PRODUCT_BUNDLE_IDENTIFIER = "eu.spaderna.Profiler-iOS";
				PRODUCT_NAME = "$(TARGET_NAME)";
				SDKROOT = iphoneos;
				TARGETED_DEVICE_FAMILY = "1,2";
				VALIDATE_PRODUCT = YES;
			};
			name = Release;
		};
		21BFA9A81C24BA2400901217 /* Debug */ = {
			isa = XCBuildConfiguration;
			buildSettings = {
				ASSETCATALOG_COMPILER_APPICON_NAME = AppIcon;
				COMBINE_HIDPI_IMAGES = YES;
				INFOPLIST_FILE = "Profiler-Mac/Info.plist";
				LD_RUNPATH_SEARCH_PATHS = "$(inherited) @executable_path/../Frameworks";
				PRODUCT_BUNDLE_IDENTIFIER = "eu.spaderna.Profiler-Mac";
				PRODUCT_NAME = "$(TARGET_NAME)";
			};
			name = Debug;
		};
		21BFA9A91C24BA2400901217 /* Release */ = {
			isa = XCBuildConfiguration;
			buildSettings = {
				ASSETCATALOG_COMPILER_APPICON_NAME = AppIcon;
				COMBINE_HIDPI_IMAGES = YES;
				INFOPLIST_FILE = "Profiler-Mac/Info.plist";
				LD_RUNPATH_SEARCH_PATHS = "$(inherited) @executable_path/../Frameworks";
				PRODUCT_BUNDLE_IDENTIFIER = "eu.spaderna.Profiler-Mac";
				PRODUCT_NAME = "$(TARGET_NAME)";
			};
			name = Release;
		};
/* End XCBuildConfiguration section */

/* Begin XCConfigurationList section */
		2188DCCA1C20D5C7003242F2 /* Build configuration list for PBXProject "LazyJSON" */ = {
			isa = XCConfigurationList;
			buildConfigurations = (
				2188DCE21C20D5C8003242F2 /* Debug */,
				2188DCE31C20D5C8003242F2 /* Release */,
			);
			defaultConfigurationIsVisible = 0;
			defaultConfigurationName = Release;
		};
		2188DCE41C20D5C8003242F2 /* Build configuration list for PBXNativeTarget "LazyJSON-Mac" */ = {
			isa = XCConfigurationList;
			buildConfigurations = (
				2188DCE51C20D5C8003242F2 /* Debug */,
				2188DCE61C20D5C8003242F2 /* Release */,
			);
			defaultConfigurationIsVisible = 0;
			defaultConfigurationName = Release;
		};
		2188DCE71C20D5C8003242F2 /* Build configuration list for PBXNativeTarget "LazyJSONTests-Mac" */ = {
			isa = XCConfigurationList;
			buildConfigurations = (
				2188DCE81C20D5C8003242F2 /* Debug */,
				2188DCE91C20D5C8003242F2 /* Release */,
			);
			defaultConfigurationIsVisible = 0;
			defaultConfigurationName = Release;
		};
		21BFA9381C24A7F700901217 /* Build configuration list for PBXNativeTarget "LazyJSON-iOS" */ = {
			isa = XCConfigurationList;
			buildConfigurations = (
				21BFA9391C24A7F700901217 /* Debug */,
				21BFA93A1C24A7F700901217 /* Release */,
			);
			defaultConfigurationIsVisible = 0;
			defaultConfigurationName = Release;
		};
		21BFA9471C24A81300901217 /* Build configuration list for PBXNativeTarget "LazyJSONTests-iOS" */ = {
			isa = XCConfigurationList;
			buildConfigurations = (
				21BFA9481C24A81300901217 /* Debug */,
				21BFA9491C24A81300901217 /* Release */,
			);
			defaultConfigurationIsVisible = 0;
			defaultConfigurationName = Release;
		};
		21BFA9941C24BA0B00901217 /* Build configuration list for PBXNativeTarget "Profiler-iOS" */ = {
			isa = XCConfigurationList;
			buildConfigurations = (
				21BFA9951C24BA0B00901217 /* Debug */,
				21BFA9961C24BA0B00901217 /* Release */,
			);
			defaultConfigurationIsVisible = 0;
			defaultConfigurationName = Release;
		};
		21BFA9A71C24BA2400901217 /* Build configuration list for PBXNativeTarget "Profiler-Mac" */ = {
			isa = XCConfigurationList;
			buildConfigurations = (
				21BFA9A81C24BA2400901217 /* Debug */,
				21BFA9A91C24BA2400901217 /* Release */,
			);
			defaultConfigurationIsVisible = 0;
			defaultConfigurationName = Release;
		};
/* End XCConfigurationList section */
	};
	rootObject = 2188DCC71C20D5C7003242F2 /* Project object */;
}
